lockfileVersion: '9.0'

settings:
  autoInstallPeers: true
  excludeLinksFromLockfile: false

importers:

  .:
    devDependencies:
      mkcert:
        specifier: ^3.2.0
        version: 3.2.0

packages:

  commander@11.1.0:
    resolution: {integrity: sha512-yPVavfyCcRhmorC7rWlkHn15b4wDVgVmBA7kV4QVBsF7kv/9TKJAbAXVTxvTnwP8HHKjRCJDClKbciiYS7p0DQ==}
    engines: {node: '>=16'}

  mkcert@3.2.0:
    resolution: {integrity: sha512-026Eivq9RoOjOuLJGzbhGwXUAjBxRX11Z7Jbm4/7lqT/Av+XNy9SPrJte6+UpEt7i+W3e/HZYxQqlQcqXZWSzg==}
    engines: {node: '>=16'}
    hasBin: true

  node-forge@1.3.1:
    resolution: {integrity: sha512-dPEtOeMvF9VMcYV/1Wb8CPoVAXtp6MKMlcbAt4ddqmGqUJ6fQZFXkNZNkNlfevtNkGtaSoXf/vNNNSvgrdXwtA==}
    engines: {node: '>= 6.13.0'}

snapshots:

  commander@11.1.0: {}

  mkcert@3.2.0:
    dependencies:
      commander: 11.1.0
      node-forge: 1.3.1

  node-forge@1.3.1: {}
